version = 1
revision = 3
requires-python = "==3.12.*"

[[package]]
name = "apptools"
version = "5.3.1"
source = { registry = "https://pypi.org/simple" }
dependencies = [
    { name = "traits" },
]
sdist = { url = "https://files.pythonhosted.org/packages/c7/e8/55a5ab9f2a158d21b93a7dfcedf59935663e519564afcf2852ffa1f5d7da/apptools-5.3.1.tar.gz", hash = "sha256:7dd8f3a95ca02fc1c03f82cebbe6bed0f74e74fb93e4f66987fa4d8e606ff167", size = 185335, upload-time = "2025-05-13T13:50:27.562Z" }
wheels = [
    { url = "https://files.pythonhosted.org/packages/c4/7c/56fcf5f5a81f44cf2caac26b4f4b0b3b89e9d9da5992a5b5fe90ed427c13/apptools-5.3.1-py3-none-any.whl", hash = "sha256:964f594627e634dc673326eb59adfacedb7749a6a3279045b5b949cf4a6d1e4a", size = 230085, upload-time = "2025-05-13T13:50:26.011Z" },
]

[package.optional-dependencies]
preferences = [
    { name = "configobj" },
]

[[package]]
name = "configobj"
version = "5.0.9"
source = { registry = "https://pypi.org/simple" }
sdist = { url = "https://files.pythonhosted.org/packages/f5/c4/c7f9e41bc2e5f8eeae4a08a01c91b2aea3dfab40a3e14b25e87e7db8d501/configobj-5.0.9.tar.gz", hash = "sha256:03c881bbf23aa07bccf1b837005975993c4ab4427ba57f959afdd9d1a2386848", size = 101518, upload-time = "2024-09-21T12:47:46.315Z" }
wheels = [
    { url = "https://files.pythonhosted.org/packages/a6/c4/0679472c60052c27efa612b4cd3ddd2a23e885dcdc73461781d2c802d39e/configobj-5.0.9-py2.py3-none-any.whl", hash = "sha256:1ba10c5b6ee16229c79a05047aeda2b55eb4e80d7c7d8ecf17ec1ca600c79882", size = 35615, upload-time = "2024-11-26T14:03:32.972Z" },
]

[[package]]
name = "contourpy"
version = "1.3.3"
source = { registry = "https://pypi.org/simple" }
dependencies = [
    { name = "numpy" },
]
sdist = { url = "https://files.pythonhosted.org/packages/58/01/1253e6698a07380cd31a736d248a3f2a50a7c88779a1813da27503cadc2a/contourpy-1.3.3.tar.gz", hash = "sha256:083e12155b210502d0bca491432bb04d56dc3432f95a979b429f2848c3dbe880", size = 13466174, upload-time = "2025-07-26T12:03:12.549Z" }
wheels = [
    { url = "https://files.pythonhosted.org/packages/be/45/adfee365d9ea3d853550b2e735f9d66366701c65db7855cd07621732ccfc/contourpy-1.3.3-cp312-cp312-macosx_10_13_x86_64.whl", hash = "sha256:b08a32ea2f8e42cf1d4be3169a98dd4be32bafe4f22b6c4cb4ba810fa9e5d2cb", size = 293419, upload-time = "2025-07-26T12:01:21.16Z" },
    { url = "https://files.pythonhosted.org/packages/53/3e/405b59cfa13021a56bba395a6b3aca8cec012b45bf177b0eaf7a202cde2c/contourpy-1.3.3-cp312-cp312-macosx_11_0_arm64.whl", hash = "sha256:556dba8fb6f5d8742f2923fe9457dbdd51e1049c4a43fd3986a0b14a1d815fc6", size = 273979, upload-time = "2025-07-26T12:01:22.448Z" },
    { url = "https://files.pythonhosted.org/packages/d4/1c/a12359b9b2ca3a845e8f7f9ac08bdf776114eb931392fcad91743e2ea17b/contourpy-1.3.3-cp312-cp312-manylinux_2_26_aarch64.manylinux_2_28_aarch64.whl", hash = "sha256:92d9abc807cf7d0e047b95ca5d957cf4792fcd04e920ca70d48add15c1a90ea7", size = 332653, upload-time = "2025-07-26T12:01:24.155Z" },
    { url = "https://files.pythonhosted.org/packages/63/12/897aeebfb475b7748ea67b61e045accdfcf0d971f8a588b67108ed7f5512/contourpy-1.3.3-cp312-cp312-manylinux_2_26_ppc64le.manylinux_2_28_ppc64le.whl", hash = "sha256:b2e8faa0ed68cb29af51edd8e24798bb661eac3bd9f65420c1887b6ca89987c8", size = 379536, upload-time = "2025-07-26T12:01:25.91Z" },
    { url = "https://files.pythonhosted.org/packages/43/8a/a8c584b82deb248930ce069e71576fc09bd7174bbd35183b7943fb1064fd/contourpy-1.3.3-cp312-cp312-manylinux_2_26_s390x.manylinux_2_28_s390x.whl", hash = "sha256:626d60935cf668e70a5ce6ff184fd713e9683fb458898e4249b63be9e28286ea", size = 384397, upload-time = "2025-07-26T12:01:27.152Z" },
    { url = "https://files.pythonhosted.org/packages/cc/8f/ec6289987824b29529d0dfda0d74a07cec60e54b9c92f3c9da4c0ac732de/contourpy-1.3.3-cp312-cp312-manylinux_2_27_x86_64.manylinux_2_28_x86_64.whl", hash = "sha256:4d00e655fcef08aba35ec9610536bfe90267d7ab5ba944f7032549c55a146da1", size = 362601, upload-time = "2025-07-26T12:01:28.808Z" },
    { url = "https://files.pythonhosted.org/packages/05/0a/a3fe3be3ee2dceb3e615ebb4df97ae6f3828aa915d3e10549ce016302bd1/contourpy-1.3.3-cp312-cp312-musllinux_1_2_aarch64.whl", hash = "sha256:451e71b5a7d597379ef572de31eeb909a87246974d960049a9848c3bc6c41bf7", size = 1331288, upload-time = "2025-07-26T12:01:31.198Z" },
    { url = "https://files.pythonhosted.org/packages/33/1d/acad9bd4e97f13f3e2b18a3977fe1b4a37ecf3d38d815333980c6c72e963/contourpy-1.3.3-cp312-cp312-musllinux_1_2_x86_64.whl", hash = "sha256:459c1f020cd59fcfe6650180678a9993932d80d44ccde1fa1868977438f0b411", size = 1403386, upload-time = "2025-07-26T12:01:33.947Z" },
    { url = "https://files.pythonhosted.org/packages/cf/8f/5847f44a7fddf859704217a99a23a4f6417b10e5ab1256a179264561540e/contourpy-1.3.3-cp312-cp312-win32.whl", hash = "sha256:023b44101dfe49d7d53932be418477dba359649246075c996866106da069af69", size = 185018, upload-time = "2025-07-26T12:01:35.64Z" },
    { url = "https://files.pythonhosted.org/packages/19/e8/6026ed58a64563186a9ee3f29f41261fd1828f527dd93d33b60feca63352/contourpy-1.3.3-cp312-cp312-win_amd64.whl", hash = "sha256:8153b8bfc11e1e4d75bcb0bff1db232f9e10b274e0929de9d608027e0d34ff8b", size = 226567, upload-time = "2025-07-26T12:01:36.804Z" },
    { url = "https://files.pythonhosted.org/packages/d1/e2/f05240d2c39a1ed228d8328a78b6f44cd695f7ef47beb3e684cf93604f86/contourpy-1.3.3-cp312-cp312-win_arm64.whl", hash = "sha256:07ce5ed73ecdc4a03ffe3e1b3e3c1166db35ae7584be76f65dbbe28a7791b0cc", size = 193655, upload-time = "2025-07-26T12:01:37.999Z" },
]

[[package]]
name = "cycler"
version = "0.12.1"
source = { registry = "https://pypi.org/simple" }
sdist = { url = "https://files.pythonhosted.org/packages/a9/95/a3dbbb5028f35eafb79008e7522a75244477d2838f38cbb722248dabc2a8/cycler-0.12.1.tar.gz", hash = "sha256:88bb128f02ba341da8ef447245a9e138fae777f6a23943da4540077d3601eb1c", size = 7615, upload-time = "2023-10-07T05:32:18.335Z" }
wheels = [
    { url = "https://files.pythonhosted.org/packages/e7/05/c19819d5e3d95294a6f5947fb9b9629efb316b96de511b418c53d245aae6/cycler-0.12.1-py3-none-any.whl", hash = "sha256:85cef7cff222d8644161529808465972e51340599459b8ac3ccbac5a854e0d30", size = 8321, upload-time = "2023-10-07T05:32:16.783Z" },
]

[[package]]
name = "envisage"
version = "7.0.4"
source = { registry = "https://pypi.org/simple" }
dependencies = [
    { name = "apptools", extra = ["preferences"] },
    { name = "pyface" },
    { name = "setuptools" },
    { name = "traits" },
    { name = "traitsui" },
]
sdist = { url = "https://files.pythonhosted.org/packages/41/08/868155cd6d939c766c70deae697649f0ee890d25c69d42c1a628efd95c53/envisage-7.0.4.tar.gz", hash = "sha256:d6bb2938bbb45c4ef1766c55ed6f6c1c72b6fce70468ac9f5b0efcd1ef8c1d97", size = 168828, upload-time = "2025-04-25T14:54:38.885Z" }
wheels = [
    { url = "https://files.pythonhosted.org/packages/ec/65/4f8d174cd217193c60aa2f933cd65575cc94116f8cd40cbd3991c2aae854/envisage-7.0.4-py3-none-any.whl", hash = "sha256:dad6658105cdd4483f7d72ec3c0bea0cf703e65adddaf3f112543e32eff34f53", size = 270025, upload-time = "2025-04-25T14:54:37.653Z" },
]

[[package]]
name = "fonttools"
version = "4.62.1"
source = { registry = "https://pypi.org/simple" }
sdist = { url = "https://files.pythonhosted.org/packages/9a/08/7012b00a9a5874311b639c3920270c36ee0c445b69d9989a85e5c92ebcb0/fonttools-4.62.1.tar.gz", hash = "sha256:e54c75fd6041f1122476776880f7c3c3295ffa31962dc6ebe2543c00dca58b5d", size = 3580737, upload-time = "2026-03-13T13:54:25.52Z" }
wheels = [
    { url = "https://files.pythonhosted.org/packages/47/d4/dbacced3953544b9a93088cc10ef2b596d348c983d5c67a404fa41ec51ba/fonttools-4.62.1-cp312-cp312-macosx_10_13_universal2.whl", hash = "sha256:90365821debbd7db678809c7491ca4acd1e0779b9624cdc6ddaf1f31992bf974", size = 2870219, upload-time = "2026-03-13T13:52:53.664Z" },
    { url = "https://files.pythonhosted.org/packages/66/9e/a769c8e99b81e5a87ab7e5e7236684de4e96246aae17274e5347d11ebd78/fonttools-4.62.1-cp312-cp312-macosx_10_13_x86_64.whl", hash = "sha256:12859ff0b47dd20f110804c3e0d0970f7b832f561630cd879969011541a464a9", size = 2414891, upload-time = "2026-03-13T13:52:56.493Z" },
    { url = "https://files.pythonhosted.org/packages/69/64/f19a9e3911968c37e1e620e14dfc5778299e1474f72f4e57c5ec771d9489/fonttools-4.62.1-cp312-cp312-manylinux2014_aarch64.manylinux_2_17_aarch64.manylinux_2_28_aarch64.whl", hash = "sha256:9c125ffa00c3d9003cdaaf7f2c79e6e535628093e14b5de1dccb08859b680936", size = 5033197, upload-time = "2026-03-13T13:52:59.179Z" },
    { url = "https://files.pythonhosted.org/packages/9b/8a/99c8b3c3888c5c474c08dbfd7c8899786de9604b727fcefb055b42c84bba/fonttools-4.62.1-cp312-cp312-manylinux2014_x86_64.manylinux_2_17_x86_64.whl", hash = "sha256:149f7d84afca659d1a97e39a4778794a2f83bf344c5ee5134e09995086cc2392", size = 4988768, upload-time = "2026-03-13T13:53:02.761Z" },
    { url = "https://files.pythonhosted.org/packages/d1/c6/0f904540d3e6ab463c1243a0d803504826a11604c72dd58c2949796a1762/fonttools-4.62.1-cp312-cp312-musllinux_1_2_aarch64.whl", hash = "sha256:0aa72c43a601cfa9273bb1ae0518f1acadc01ee181a6fc60cd758d7fdadffc04", size = 4971512, upload-time = "2026-03-13T13:53:05.678Z" },
    { url = "https://files.pythonhosted.org/packages/29/0b/5cbef6588dc9bd6b5c9ad6a4d5a8ca384d0cea089da31711bbeb4f9654a6/fonttools-4.62.1-cp312-cp312-musllinux_1_2_x86_64.whl", hash = "sha256:19177c8d96c7c36359266e571c5173bcee9157b59cfc8cb0153c5673dc5a3a7d", size = 5122723, upload-time = "2026-03-13T13:53:08.662Z" },
    { url = "https://files.pythonhosted.org/packages/4a/47/b3a5342d381595ef439adec67848bed561ab7fdb1019fa522e82101b7d9c/fonttools-4.62.1-cp312-cp312-win32.whl", hash = "sha256:a24decd24d60744ee8b4679d38e88b8303d86772053afc29b19d23bb8207803c", size = 2281278, upload-time = "2026-03-13T13:53:10.998Z" },
    { url = "https://files.pythonhosted.org/packages/28/b1/0c2ab56a16f409c6c8a68816e6af707827ad5d629634691ff60a52879792/fonttools-4.62.1-cp312-cp312-win_amd64.whl", hash = "sha256:9e7863e10b3de72376280b515d35b14f5eeed639d1aa7824f4cf06779ec65e42", size = 2331414, upload-time = "2026-03-13T13:53:13.992Z" },
    { url = "https://files.pythonhosted.org/packages/fd/ba/56147c165442cc5ba7e82ecf301c9a68353cede498185869e6e02b4c264f/fonttools-4.62.1-py3-none-any.whl", hash = "sha256:7487782e2113861f4ddcc07c3436450659e3caa5e470b27dc2177cade2d8e7fd", size = 1152647, upload-time = "2026-03-13T13:54:22.735Z" },
]

[[package]]
name = "imageio"
version = "2.37.3"
source = { registry = "https://pypi.org/simple" }
dependencies = [
    { name = "numpy" },
    { name = "pillow" },
]
sdist = { url = "https://files.pythonhosted.org/packages/b1/84/93bcd1300216ea50811cee96873b84a1bebf8d0489ffaf7f2a3756bab866/imageio-2.37.3.tar.gz", hash = "sha256:bbb37efbfc4c400fcd534b367b91fcd66d5da639aaa138034431a1c5e0a41451", size = 389673, upload-time = "2026-03-09T11:31:12.573Z" }
wheels = [
    { url = "https://files.pythonhosted.org/packages/49/fa/391e437a34e55095173dca5f24070d89cbc233ff85bf1c29c93248c6588d/imageio-2.37.3-py3-none-any.whl", hash = "sha256:46f5bb8522cd421c0f5ae104d8268f569d856b29eb1a13b92829d1970f32c9f0", size = 317646, upload-time = "2026-03-09T11:31:10.771Z" },
]

[[package]]
name = "imageio-ffmpeg"
version = "0.6.0"
source = { registry = "https://pypi.org/simple" }
sdist = { url = "https://files.pythonhosted.org/packages/44/bd/c3343c721f2a1b0c9fc71c1aebf1966a3b7f08c2eea8ed5437a2865611d6/imageio_ffmpeg-0.6.0.tar.gz", hash = "sha256:e2556bed8e005564a9f925bb7afa4002d82770d6b08825078b7697ab88ba1755", size = 25210, upload-time = "2025-01-16T21:34:32.747Z" }
wheels = [
    { url = "https://files.pythonhosted.org/packages/da/58/87ef68ac83f4c7690961bce288fd8e382bc5f1513860fc7f90a9c1c1c6bf/imageio_ffmpeg-0.6.0-py3-none-macosx_10_9_intel.macosx_10_9_x86_64.whl", hash = "sha256:9d2baaf867088508d4a3458e61eeb30e945c4ad8016025545f66c4b5aaef0a61", size = 24932969, upload-time = "2025-01-16T21:34:20.464Z" },
    { url = "https://files.pythonhosted.org/packages/40/5c/f3d8a657d362cc93b81aab8feda487317da5b5d31c0e1fdfd5e986e55d17/imageio_ffmpeg-0.6.0-py3-none-macosx_11_0_arm64.whl", hash = "sha256:b1ae3173414b5fc5f538a726c4e48ea97edc0d2cdc11f103afee655c463fa742", size = 21113891, upload-time = "2025-01-16T21:34:00.277Z" },
    { url = "https://files.pythonhosted.org/packages/33/e7/1925bfbc563c39c1d2e82501d8372734a5c725e53ac3b31b4c2d081e895b/imageio_ffmpeg-0.6.0-py3-none-manylinux2014_aarch64.whl", hash = "sha256:1d47bebd83d2c5fc770720d211855f208af8a596c82d17730aa51e815cdee6dc", size = 25632706, upload-time = "2025-01-16T21:33:53.475Z" },
    { url = "https://files.pythonhosted.org/packages/a0/2d/43c8522a2038e9d0e7dbdf3a61195ecc31ca576fb1527a528c877e87d973/imageio_ffmpeg-0.6.0-py3-none-manylinux2014_x86_64.whl", hash = "sha256:c7e46fcec401dd990405049d2e2f475e2b397779df2519b544b8aab515195282", size = 29498237, upload-time = "2025-01-16T21:34:13.726Z" },
    { url = "https://files.pythonhosted.org/packages/a0/13/59da54728351883c3c1d9fca1710ab8eee82c7beba585df8f25ca925f08f/imageio_ffmpeg-0.6.0-py3-none-win32.whl", hash = "sha256:196faa79366b4a82f95c0f4053191d2013f4714a715780f0ad2a68ff37483cc2", size = 19652251, upload-time = "2025-01-16T21:34:06.812Z" },
    { url = "https://files.pythonhosted.org/packages/2c/c6/fa760e12a2483469e2bf5058c5faff664acf66cadb4df2ad6205b016a73d/imageio_ffmpeg-0.6.0-py3-none-win_amd64.whl", hash = "sha256:02fa47c83703c37df6bfe4896aab339013f62bf02c5ebf2dce6da56af04ffc0a", size = 31246824, upload-time = "2025-01-16T21:34:28.6Z" },
]

[[package]]
name = "kiwisolver"
version = "1.5.0"
source = { registry = "https://pypi.org/simple" }
sdist = { url = "https://files.pythonhosted.org/packages/d0/67/9c61eccb13f0bdca9307614e782fec49ffdde0f7a2314935d489fa93cd9c/kiwisolver-1.5.0.tar.gz", hash = "sha256:d4193f3d9dc3f6f79aaed0e5637f45d98850ebf01f7ca20e69457f3e8946b66a", size = 103482, upload-time = "2026-03-09T13:15:53.382Z" }
wheels = [
    { url = "https://files.pythonhosted.org/packages/4d/b2/818b74ebea34dabe6d0c51cb1c572e046730e64844da6ed646d5298c40ce/kiwisolver-1.5.0-cp312-cp312-macosx_10_13_universal2.whl", hash = "sha256:4e9750bc21b886308024f8a54ccb9a2cc38ac9fa813bf4348434e3d54f337ff9", size = 123158, upload-time = "2026-03-09T13:13:23.127Z" },
    { url = "https://files.pythonhosted.org/packages/bf/d9/405320f8077e8e1c5c4bd6adc45e1e6edf6d727b6da7f2e2533cf58bff71/kiwisolver-1.5.0-cp312-cp312-macosx_10_13_x86_64.whl", hash = "sha256:72ec46b7eba5b395e0a7b63025490d3214c11013f4aacb4f5e8d6c3041829588", size = 66388, upload-time = "2026-03-09T13:13:24.765Z" },
    { url = "https://files.pythonhosted.org/packages/99/9f/795fedf35634f746151ca8839d05681ceb6287fbed6cc1c9bf235f7887c2/kiwisolver-1.5.0-cp312-cp312-macosx_11_0_arm64.whl", hash = "sha256:ed3a984b31da7481b103f68776f7128a89ef26ed40f4dc41a2223cda7fb24819", size = 64068, upload-time = "2026-03-09T13:13:25.878Z" },
    { url = "https://files.pythonhosted.org/packages/c4/13/680c54afe3e65767bed7ec1a15571e1a2f1257128733851ade24abcefbcc/kiwisolver-1.5.0-cp312-cp312-manylinux2014_x86_64.manylinux_2_17_x86_64.whl", hash = "sha256:bb5136fb5352d3f422df33f0c879a1b0c204004324150cc3b5e3c4f310c9049f", size = 1477934, upload-time = "2026-03-09T13:13:27.166Z" },
    { url = "https://files.pythonhosted.org/packages/c8/2f/cebfcdb60fd6a9b0f6b47a9337198bcbad6fbe15e68189b7011fd914911f/kiwisolver-1.5.0-cp312-cp312-manylinux_2_24_aarch64.manylinux_2_28_aarch64.whl", hash = "sha256:b2af221f268f5af85e776a73d62b0845fc8baf8ef0abfae79d29c77d0e776aaf", size = 1278537, upload-time = "2026-03-09T13:13:28.707Z" },
    { url = "https://files.pythonhosted.org/packages/f2/0d/9b782923aada3fafb1d6b84e13121954515c669b18af0c26e7d21f579855/kiwisolver-1.5.0-cp312-cp312-manylinux_2_24_ppc64le.manylinux_2_28_ppc64le.whl", hash = "sha256:b0f172dc8ffaccb8522d7c5d899de00133f2f1ca7b0a49b7da98e901de87bf2d", size = 1296685, upload-time = "2026-03-09T13:13:30.528Z" },
    { url = "https://files.pythonhosted.org/packages/27/70/83241b6634b04fe44e892688d5208332bde130f38e610c0418f9ede47ded/kiwisolver-1.5.0-cp312-cp312-manylinux_2_24_s390x.manylinux_2_28_s390x.whl", hash = "sha256:6ab8ba9152203feec73758dad83af9a0bbe05001eb4639e547207c40cfb52083", size = 1346024, upload-time = "2026-03-09T13:13:32.818Z" },
    { url = "https://files.pythonhosted.org/packages/e4/db/30ed226fb271ae1a6431fc0fe0edffb2efe23cadb01e798caeb9f2ceae8f/kiwisolver-1.5.0-cp312-cp312-manylinux_2_39_riscv64.whl", hash = "sha256:cdee07c4d7f6d72008d3f73b9bf027f4e11550224c7c50d8df1ae4a37c1402a6", size = 987241, upload-time = "2026-03-09T13:13:34.435Z" },
    { url = "https://files.pythonhosted.org/packages/ec/bd/c314595208e4c9587652d50959ead9e461995389664e490f4dce7ff0f782/kiwisolver-1.5.0-cp312-cp312-musllinux_1_2_aarch64.whl", hash = "sha256:7c60d3c9b06fb23bd9c6139281ccbdc384297579ae037f08ae90c69f6845c0b1", size = 2227742, upload-time = "2026-03-09T13:13:36.4Z" },
    { url = "https://files.pythonhosted.org/packages/c1/43/0499cec932d935229b5543d073c2b87c9c22846aab48881e9d8d6e742a2d/kiwisolver-1.5.0-cp312-cp312-musllinux_1_2_ppc64le.whl", hash = "sha256:e315e5ec90d88e140f57696ff85b484ff68bb311e36f2c414aa4286293e6dee0", size = 2323966, upload-time = "2026-03-09T13:13:38.204Z" },
    { url = "https://files.pythonhosted.org/packages/3d/6f/79b0d760907965acfd9d61826a3d41f8f093c538f55cd2633d3f0db269f6/kiwisolver-1.5.0-cp312-cp312-musllinux_1_2_riscv64.whl", hash = "sha256:1465387ac63576c3e125e5337a6892b9e99e0627d52317f3ca79e6930d889d15", size = 1977417, upload-time = "2026-03-09T13:13:39.966Z" },
    { url = "https://files.pythonhosted.org/packages/ab/31/01d0537c41cb75a551a438c3c7a80d0c60d60b81f694dac83dd436aec0d0/kiwisolver-1.5.0-cp312-cp312-musllinux_1_2_s390x.whl", hash = "sha256:530a3fd64c87cffa844d4b6b9768774763d9caa299e9b75d8eca6a4423b31314", size = 2491238, upload-time = "2026-03-09T13:13:41.698Z" },
    { url = "https://files.pythonhosted.org/packages/e4/34/8aefdd0be9cfd00a44509251ba864f5caf2991e36772e61c408007e7f417/kiwisolver-1.5.0-cp312-cp312-musllinux_1_2_x86_64.whl", hash = "sha256:1d9daea4ea6b9be74fe2f01f7fbade8d6ffab263e781274cffca0dba9be9eec9", size = 2294947, upload-time = "2026-03-09T13:13:43.343Z" },
    { url = "https://files.pythonhosted.org/packages/ad/cf/0348374369ca588f8fe9c338fae49fa4e16eeb10ffb3d012f23a54578a9e/kiwisolver-1.5.0-cp312-cp312-win_amd64.whl", hash = "sha256:f18c2d9782259a6dc132fdc7a63c168cbc74b35284b6d75c673958982a378384", size = 73569, upload-time = "2026-03-09T13:13:45.792Z" },
    { url = "https://files.pythonhosted.org/packages/28/26/192b26196e2316e2bd29deef67e37cdf9870d9af8e085e521afff0fed526/kiwisolver-1.5.0-cp312-cp312-win_arm64.whl", hash = "sha256:f7c7553b13f69c1b29a5bde08ddc6d9d0c8bfb84f9ed01c30db25944aeb852a7", size = 64997, upload-time = "2026-03-09T13:13:46.878Z" },
    { url = "https://files.pythonhosted.org/packages/1c/fa/2910df836372d8761bb6eff7d8bdcb1613b5c2e03f260efe7abe34d388a7/kiwisolver-1.5.0-graalpy312-graalpy250_312_native-macosx_10_13_x86_64.whl", hash = "sha256:5ae8e62c147495b01a0f4765c878e9bfdf843412446a247e28df59936e99e797", size = 130262, upload-time = "2026-03-09T13:15:35.629Z" },
    { url = "https://files.pythonhosted.org/packages/0f/41/c5f71f9f00aabcc71fee8b7475e3f64747282580c2fe748961ba29b18385/kiwisolver-1.5.0-graalpy312-graalpy250_312_native-macosx_11_0_arm64.whl", hash = "sha256:f6764a4ccab3078db14a632420930f6186058750df066b8ea2a7106df91d3203", size = 138036, upload-time = "2026-03-09T13:15:36.894Z" },
    { url = "https://files.pythonhosted.org/packages/fa/06/7399a607f434119c6e1fdc8ec89a8d51ccccadf3341dee4ead6bd14caaf5/kiwisolver-1.5.0-graalpy312-graalpy250_312_native-manylinux_2_24_x86_64.manylinux_2_28_x86_64.whl", hash = "sha256:c31c13da98624f957b0fb1b5bae5383b2333c2c3f6793d9825dd5ce79b525cb7", size = 194295, upload-time = "2026-03-09T13:15:38.22Z" },
    { url = "https://files.pythonhosted.org/packages/b5/91/53255615acd2a1eaca307ede3c90eb550bae9c94581f8c00081b6b1c8f44/kiwisolver-1.5.0-graalpy312-graalpy250_312_native-win_amd64.whl", hash = "sha256:1f1489f769582498610e015a8ef2d36f28f505ab3096d0e16b4858a9ec214f57", size = 75987, upload-time = "2026-03-09T13:15:39.65Z" },
]

[[package]]
name = "matplotlib"
version = "3.10.8"
source = { registry = "https://pypi.org/simple" }
dependencies = [
    { name = "contourpy" },
    { name = "cycler" },
    { name = "fonttools" },
    { name = "kiwisolver" },
    { name = "numpy" },
    { name = "packaging" },
    { name = "pillow" },
    { name = "pyparsing" },
    { name = "python-dateutil" },
]
sdist = { url = "https://files.pythonhosted.org/packages/8a/76/d3c6e3a13fe484ebe7718d14e269c9569c4eb0020a968a327acb3b9a8fe6/matplotlib-3.10.8.tar.gz", hash = "sha256:2299372c19d56bcd35cf05a2738308758d32b9eaed2371898d8f5bd33f084aa3", size = 34806269, upload-time = "2025-12-10T22:56:51.155Z" }
wheels = [
    { url = "https://files.pythonhosted.org/packages/9e/67/f997cdcbb514012eb0d10cd2b4b332667997fb5ebe26b8d41d04962fa0e6/matplotlib-3.10.8-cp312-cp312-macosx_10_13_x86_64.whl", hash = "sha256:64fcc24778ca0404ce0cb7b6b77ae1f4c7231cdd60e6778f999ee05cbd581b9a", size = 8260453, upload-time = "2025-12-10T22:55:30.709Z" },
    { url = "https://files.pythonhosted.org/packages/7e/65/07d5f5c7f7c994f12c768708bd2e17a4f01a2b0f44a1c9eccad872433e2e/matplotlib-3.10.8-cp312-cp312-macosx_11_0_arm64.whl", hash = "sha256:b9a5ca4ac220a0cdd1ba6bcba3608547117d30468fefce49bb26f55c1a3d5c58", size = 8148321, upload-time = "2025-12-10T22:55:33.265Z" },
    { url = "https://files.pythonhosted.org/packages/3e/f3/c5195b1ae57ef85339fd7285dfb603b22c8b4e79114bae5f4f0fcf688677/matplotlib-3.10.8-cp312-cp312-manylinux2014_x86_64.manylinux_2_17_x86_64.whl", hash = "sha256:3ab4aabc72de4ff77b3ec33a6d78a68227bf1123465887f9905ba79184a1cc04", size = 8716944, upload-time = "2025-12-10T22:55:34.922Z" },
    { url = "https://files.pythonhosted.org/packages/00/f9/7638f5cc82ec8a7aa005de48622eecc3ed7c9854b96ba15bd76b7fd27574/matplotlib-3.10.8-cp312-cp312-manylinux_2_27_aarch64.manylinux_2_28_aarch64.whl", hash = "sha256:24d50994d8c5816ddc35411e50a86ab05f575e2530c02752e02538122613371f", size = 9550099, upload-time = "2025-12-10T22:55:36.789Z" },
    { url = "https://files.pythonhosted.org/packages/57/61/78cd5920d35b29fd2a0fe894de8adf672ff52939d2e9b43cb83cd5ce1bc7/matplotlib-3.10.8-cp312-cp312-musllinux_1_2_x86_64.whl", hash = "sha256:99eefd13c0dc3b3c1b4d561c1169e65fe47aab7b8158754d7c084088e2329466", size = 9613040, upload-time = "2025-12-10T22:55:38.715Z" },
    { url = "https://files.pythonhosted.org/packages/30/4e/c10f171b6e2f44d9e3a2b96efa38b1677439d79c99357600a62cc1e9594e/matplotlib-3.10.8-cp312-cp312-win_amd64.whl", hash = "sha256:dd80ecb295460a5d9d260df63c43f4afbdd832d725a531f008dad1664f458adf", size = 8142717, upload-time = "2025-12-10T22:55:41.103Z" },
    { url = "https://files.pythonhosted.org/packages/f1/76/934db220026b5fef85f45d51a738b91dea7d70207581063cd9bd8fafcf74/matplotlib-3.10.8-cp312-cp312-win_arm64.whl", hash = "sha256:3c624e43ed56313651bc18a47f838b60d7b8032ed348911c54906b130b20071b", size = 8012751, upload-time = "2025-12-10T22:55:42.684Z" },
]

[[package]]
name = "mayavi"
version = "4.8.3"
source = { registry = "https://pypi.org/simple" }
dependencies = [
    { name = "apptools" },
    { name = "configobj" },
    { name = "envisage" },
    { name = "numpy" },
    { name = "packaging" },
    { name = "puremagic" },
    { name = "pyface" },
    { name = "pygments" },
    { name = "traits" },
    { name = "traitsui" },
    { name = "vtk" },
]
sdist = { url = "https://files.pythonhosted.org/packages/69/db/73b4270d5f0c5330f778696325be9e8b745655578b7cba96d787be19d32f/mayavi-4.8.3.tar.gz", hash = "sha256:ef69ccbdf58f20f1b394930d5e3a16dda4b1a39adcbc76f79abd26483d29acf5", size = 7103564, upload-time = "2025-05-16T12:42:40.572Z" }

[[package]]
name = "numpy"
version = "1.26.4"
source = { registry = "https://pypi.org/simple" }
sdist = { url = "https://files.pythonhosted.org/packages/65/6e/09db70a523a96d25e115e71cc56a6f9031e7b8cd166c1ac8438307c14058/numpy-1.26.4.tar.gz", hash = "sha256:2a02aba9ed12e4ac4eb3ea9421c420301a0c6460d9830d74a9df87efa4912010", size = 15786129, upload-time = "2024-02-06T00:26:44.495Z" }
wheels = [
    { url = "https://files.pythonhosted.org/packages/95/12/8f2020a8e8b8383ac0177dc9570aad031a3beb12e38847f7129bacd96228/numpy-1.26.4-cp312-cp312-macosx_10_9_x86_64.whl", hash = "sha256:b3ce300f3644fb06443ee2222c2201dd3a89ea6040541412b8fa189341847218", size = 20335901, upload-time = "2024-02-05T23:55:32.801Z" },
    { url = "https://files.pythonhosted.org/packages/75/5b/ca6c8bd14007e5ca171c7c03102d17b4f4e0ceb53957e8c44343a9546dcc/numpy-1.26.4-cp312-cp312-macosx_11_0_arm64.whl", hash = "sha256:03a8c78d01d9781b28a6989f6fa1bb2c4f2d51201cf99d3dd875df6fbd96b23b", size = 13685868, upload-time = "2024-02-05T23:55:56.28Z" },
    { url = "https://files.pythonhosted.org/packages/79/f8/97f10e6755e2a7d027ca783f63044d5b1bc1ae7acb12afe6a9b4286eac17/numpy-1.26.4-cp312-cp312-manylinux_2_17_aarch64.manylinux2014_aarch64.whl", hash = "sha256:9fad7dcb1aac3c7f0584a5a8133e3a43eeb2fe127f47e3632d43d677c66c102b", size = 13925109, upload-time = "2024-02-05T23:56:20.368Z" },
    { url = "https://files.pythonhosted.org/packages/0f/50/de23fde84e45f5c4fda2488c759b69990fd4512387a8632860f3ac9cd225/numpy-1.26.4-cp312-cp312-manylinux_2_17_x86_64.manylinux2014_x86_64.whl", hash = "sha256:675d61ffbfa78604709862923189bad94014bef562cc35cf61d3a07bba02a7ed", size = 17950613, upload-time = "2024-02-05T23:56:56.054Z" },
    { url = "https://files.pythonhosted.org/packages/4c/0c/9c603826b6465e82591e05ca230dfc13376da512b25ccd0894709b054ed0/numpy-1.26.4-cp312-cp312-musllinux_1_1_aarch64.whl", hash = "sha256:ab47dbe5cc8210f55aa58e4805fe224dac469cde56b9f731a4c098b91917159a", size = 13572172, upload-time = "2024-02-05T23:57:21.56Z" },
    { url = "https://files.pythonhosted.org/packages/76/8c/2ba3902e1a0fc1c74962ea9bb33a534bb05984ad7ff9515bf8d07527cadd/numpy-1.26.4-cp312-cp312-musllinux_1_1_x86_64.whl", hash = "sha256:1dda2e7b4ec9dd512f84935c5f126c8bd8b9f2fc001e9f54af255e8c5f16b0e0", size = 17786643, upload-time = "2024-02-05T23:57:56.585Z" },
    { url = "https://files.pythonhosted.org/packages/28/4a/46d9e65106879492374999e76eb85f87b15328e06bd1550668f79f7b18c6/numpy-1.26.4-cp312-cp312-win32.whl", hash = "sha256:50193e430acfc1346175fcbdaa28ffec49947a06918b7b92130744e81e640110", size = 5677803, upload-time = "2024-02-05T23:58:08.963Z" },
    { url = "https://files.pythonhosted.org/packages/16/2e/86f24451c2d530c88daf997cb8d6ac622c1d40d19f5a031ed68a4b73a374/numpy-1.26.4-cp312-cp312-win_amd64.whl", hash = "sha256:08beddf13648eb95f8d867350f6a018a4be2e5ad54c8d8caed89ebca558b2818", size = 15517754, upload-time = "2024-02-05T23:58:36.364Z" },
]

[[package]]
name = "occ-visualizer"
version = "0.1.0"
source = { virtual = "." }
dependencies = [
    { name = "imageio" },
    { name = "imageio-ffmpeg" },
    { name = "mayavi" },
    { name = "numpy" },
    { name = "pyvirtualdisplay", marker = "sys_platform != 'win32'" },
    { name = "vtk" },
]

[package.metadata]
requires-dist = [
    { name = "imageio", specifier = ">=2.37.0" },
    { name = "imageio-ffmpeg", specifier = ">=0.6.0" },
    { name = "mayavi", specifier = "==4.8.3" },
    { name = "numpy", specifier = ">=1.26.4,<2" },
    { name = "pyvirtualdisplay", marker = "sys_platform != 'win32'", specifier = ">=3.0" },
    { name = "vtk", specifier = "==9.3.1" },
]

[[package]]
name = "packaging"
version = "26.0"
source = { registry = "https://pypi.org/simple" }
sdist = { url = "https://files.pythonhosted.org/packages/65/ee/299d360cdc32edc7d2cf530f3accf79c4fca01e96ffc950d8a52213bd8e4/packaging-26.0.tar.gz", hash = "sha256:00243ae351a257117b6a241061796684b084ed1c516a08c48a3f7e147a9d80b4", size = 143416, upload-time = "2026-01-21T20:50:39.064Z" }
wheels = [
    { url = "https://files.pythonhosted.org/packages/b7/b9/c538f279a4e237a006a2c98387d081e9eb060d203d8ed34467cc0f0b9b53/packaging-26.0-py3-none-any.whl", hash = "sha256:b36f1fef9334a5588b4166f8bcd26a14e521f2b55e6b9de3aaa80d3ff7a37529", size = 74366, upload-time = "2026-01-21T20:50:37.788Z" },
]

[[package]]
name = "pillow"
version = "12.1.1"
source = { registry = "https://pypi.org/simple" }
sdist = { url = "https://files.pythonhosted.org/packages/1f/42/5c74462b4fd957fcd7b13b04fb3205ff8349236ea74c7c375766d6c82288/pillow-12.1.1.tar.gz", hash = "sha256:9ad8fa5937ab05218e2b6a4cff30295ad35afd2f83ac592e68c0d871bb0fdbc4", size = 46980264, upload-time = "2026-02-11T04:23:07.146Z" }
wheels = [
    { url = "https://files.pythonhosted.org/packages/07/d3/8df65da0d4df36b094351dce696f2989bec731d4f10e743b1c5f4da4d3bf/pillow-12.1.1-cp312-cp312-macosx_10_13_x86_64.whl", hash = "sha256:ab323b787d6e18b3d91a72fc99b1a2c28651e4358749842b8f8dfacd28ef2052", size = 5262803, upload-time = "2026-02-11T04:20:47.653Z" },
    { url = "https://files.pythonhosted.org/packages/d6/71/5026395b290ff404b836e636f51d7297e6c83beceaa87c592718747e670f/pillow-12.1.1-cp312-cp312-macosx_11_0_arm64.whl", hash = "sha256:adebb5bee0f0af4909c30db0d890c773d1a92ffe83da908e2e9e720f8edf3984", size = 4657601, upload-time = "2026-02-11T04:20:49.328Z" },
    { url = "https://files.pythonhosted.org/packages/b1/2e/1001613d941c67442f745aff0f7cc66dd8df9a9c084eb497e6a543ee6f7e/pillow-12.1.1-cp312-cp312-manylinux2014_aarch64.manylinux_2_17_aarch64.whl", hash = "sha256:bb66b7cc26f50977108790e2456b7921e773f23db5630261102233eb355a3b79", size = 6234995, upload-time = "2026-02-11T04:20:51.032Z" },
    { url = "https://files.pythonhosted.org/packages/07/26/246ab11455b2549b9233dbd44d358d033a2f780fa9007b61a913c5b2d24e/pillow-12.1.1-cp312-cp312-manylinux2014_x86_64.manylinux_2_17_x86_64.whl", hash = "sha256:aee2810642b2898bb187ced9b349e95d2a7272930796e022efaf12e99dccd293", size = 8045012, upload-time = "2026-02-11T04:20:52.882Z" },
    { url = "https://files.pythonhosted.org/packages/b2/8b/07587069c27be7535ac1fe33874e32de118fbd34e2a73b7f83436a88368c/pillow-12.1.1-cp312-cp312-manylinux_2_27_aarch64.manylinux_2_28_aarch64.whl", hash = "sha256:a0b1cd6232e2b618adcc54d9882e4e662a089d5768cd188f7c245b4c8c44a397", size = 6349638, upload-time = "2026-02-11T04:20:54.444Z" },
    { url = "https://files.pythonhosted.org/packages/ff/79/6df7b2ee763d619cda2fb4fea498e5f79d984dae304d45a8999b80d6cf5c/pillow-12.1.1-cp312-cp312-manylinux_2_27_x86_64.manylinux_2_28_x86_64.whl", hash = "sha256:7aac39bcf8d4770d089588a2e1dd111cbaa42df5a94be3114222057d68336bd0", size = 7041540, upload-time = "2026-02-11T04:20:55.97Z" },
    { url = "https://files.pythonhosted.org/packages/2c/5e/2ba19e7e7236d7529f4d873bdaf317a318896bac289abebd4bb00ef247f0/pillow-12.1.1-cp312-cp312-musllinux_1_2_aarch64.whl", hash = "sha256:ab174cd7d29a62dd139c44bf74b698039328f45cb03b4596c43473a46656b2f3", size = 6462613, upload-time = "2026-02-11T04:20:57.542Z" },
    { url = "https://files.pythonhosted.org/packages/03/03/31216ec124bb5c3dacd74ce8efff4cc7f52643653bad4825f8f08c697743/pillow-12.1.1-cp312-cp312-musllinux_1_2_x86_64.whl", hash = "sha256:339ffdcb7cbeaa08221cd401d517d4b1fe7a9ed5d400e4a8039719238620ca35", size = 7166745, upload-time = "2026-02-11T04:20:59.196Z" },
    { url = "https://files.pythonhosted.org/packages/1f/e7/7c4552d80052337eb28653b617eafdef39adfb137c49dd7e831b8dc13bc5/pillow-12.1.1-cp312-cp312-win32.whl", hash = "sha256:5d1f9575a12bed9e9eedd9a4972834b08c97a352bd17955ccdebfeca5913fa0a", size = 6328823, upload-time = "2026-02-11T04:21:01.385Z" },
    { url = "https://files.pythonhosted.org/packages/3d/17/688626d192d7261bbbf98846fc98995726bddc2c945344b65bec3a29d731/pillow-12.1.1-cp312-cp312-win_amd64.whl", hash = "sha256:21329ec8c96c6e979cd0dfd29406c40c1d52521a90544463057d2aaa937d66a6", size = 7033367, upload-time = "2026-02-11T04:21:03.536Z" },
    { url = "https://files.pythonhosted.org/packages/ed/fe/a0ef1f73f939b0eca03ee2c108d0043a87468664770612602c63266a43c4/pillow-12.1.1-cp312-cp312-win_arm64.whl", hash = "sha256:af9a332e572978f0218686636610555ae3defd1633597be015ed50289a03c523", size = 2453811, upload-time = "2026-02-11T04:21:05.116Z" },
]

[[package]]
name = "puremagic"
version = "2.1.1"
source = { registry = "https://pypi.org/simple" }
sdist = { url = "https://files.pythonhosted.org/packages/eb/df/3725f4b848095ef634c0b2226c97901e64ee2d5a82981d89d4b784ae8ce1/puremagic-2.1.1.tar.gz", hash = "sha256:b156c4ae63d84842f92a85cd49c9b9029a4f107f98ad14e7584ed652954feff4", size = 1133417, upload-time = "2026-03-23T19:08:46.929Z" }
wheels = [
    { url = "https://files.pythonhosted.org/packages/62/d0/12b1d4113fd6660a0a75e8c40500c5d1c4febd8e24dc85aaf20cfd93e9d6/puremagic-2.1.1-py3-none-any.whl", hash = "sha256:b8862451f96254358a6e2ea7fba46e0600cf8b13ebe917d6eecdb18fc22db964", size = 68025, upload-time = "2026-03-23T19:08:45.872Z" },
]

[[package]]
name = "pyface"
version = "8.0.0"
source = { registry = "https://pypi.org/simple" }
dependencies = [
    { name = "traits" },
]
sdist = { url = "https://files.pythonhosted.org/packages/0d/eb/69bbe2ff61ebe978b46d76cba33cc5a4ad3940528cfed322ddbb3843a5b1/pyface-8.0.0.tar.gz", hash = "sha256:7e13618347b7a648ed20cdbd4fd1a51648f5010291f35e4e0ff1bf70a720cbf8", size = 7793450, upload-time = "2023-04-06T12:52:27.619Z" }
wheels = [
    { url = "https://files.pythonhosted.org/packages/52/44/cc3b77aadd047d52625eb8f7361e6b34f114100d95706f0716dc4dde1f99/pyface-8.0.0-py3-none-any.whl", hash = "sha256:f636ffd4b9271767b9c06f67f0b407e04cf79f1ff2b6717a8a106233c48b9cc0", size = 1307345, upload-time = "2023-04-06T12:52:25.802Z" },
]

[[package]]
name = "pygments"
version = "2.20.0"
source = { registry = "https://pypi.org/simple" }
sdist = { url = "https://files.pythonhosted.org/packages/c3/b2/bc9c9196916376152d655522fdcebac55e66de6603a76a02bca1b6414f6c/pygments-2.20.0.tar.gz", hash = "sha256:6757cd03768053ff99f3039c1a36d6c0aa0b263438fcab17520b30a303a82b5f", size = 4955991, upload-time = "2026-03-29T13:29:33.898Z" }
wheels = [
    { url = "https://files.pythonhosted.org/packages/f4/7e/a72dd26f3b0f4f2bf1dd8923c85f7ceb43172af56d63c7383eb62b332364/pygments-2.20.0-py3-none-any.whl", hash = "sha256:81a9e26dd42fd28a23a2d169d86d7ac03b46e2f8b59ed4698fb4785f946d0176", size = 1231151, upload-time = "2026-03-29T13:29:30.038Z" },
]

[[package]]
name = "pyparsing"
version = "3.3.2"
source = { registry = "https://pypi.org/simple" }
sdist = { url = "https://files.pythonhosted.org/packages/f3/91/9c6ee907786a473bf81c5f53cf703ba0957b23ab84c264080fb5a450416f/pyparsing-3.3.2.tar.gz", hash = "sha256:c777f4d763f140633dcb6d8a3eda953bf7a214dc4eff598413c070bcdc117cbc", size = 6851574, upload-time = "2026-01-21T03:57:59.36Z" }
wheels = [
    { url = "https://files.pythonhosted.org/packages/10/bd/c038d7cc38edc1aa5bf91ab8068b63d4308c66c4c8bb3cbba7dfbc049f9c/pyparsing-3.3.2-py3-none-any.whl", hash = "sha256:850ba148bd908d7e2411587e247a1e4f0327839c40e2e5e6d05a007ecc69911d", size = 122781, upload-time = "2026-01-21T03:57:55.912Z" },
]

[[package]]
name = "python-dateutil"
version = "2.9.0.post0"
source = { registry = "https://pypi.org/simple" }
dependencies = [
    { name = "six" },
]
sdist = { url = "https://files.pythonhosted.org/packages/66/c0/0c8b6ad9f17a802ee498c46e004a0eb49bc148f2fd230864601a86dcf6db/python-dateutil-2.9.0.post0.tar.gz", hash = "sha256:37dd54208da7e1cd875388217d5e00ebd4179249f90fb72437e91a35459a0ad3", size = 342432, upload-time = "2024-03-01T18:36:20.211Z" }
wheels = [
    { url = "https://files.pythonhosted.org/packages/ec/57/56b9bcc3c9c6a792fcbaf139543cee77261f3651ca9da0c93f5c1221264b/python_dateutil-2.9.0.post0-py2.py3-none-any.whl", hash = "sha256:a8b2bc7bffae282281c8140a97d3aa9c14da0b136dfe83f850eea9a5f7470427", size = 229892, upload-time = "2024-03-01T18:36:18.57Z" },
]

[[package]]
name = "pyvirtualdisplay"
version = "3.0"
source = { registry = "https://pypi.org/simple" }
sdist = { url = "https://files.pythonhosted.org/packages/86/9f/23e5a82987c26d225139948a224a93318d7a7c8b166d4dbe4de7426dc4e4/PyVirtualDisplay-3.0.tar.gz", hash = "sha256:09755bc3ceb6eb725fb07eca5425f43f2358d3bf08e00d2a9b792a1aedd16159", size = 18560, upload-time = "2022-02-13T07:57:05.783Z" }
wheels = [
    { url = "https://files.pythonhosted.org/packages/90/eb/c3b8deb661cb3846db63288c99bbb39f217b7807fc8acb2fd058db41e2e6/PyVirtualDisplay-3.0-py3-none-any.whl", hash = "sha256:40d4b8dfe4b8de8552e28eb367647f311f88a130bf837fe910e7f180d5477f0e", size = 15258, upload-time = "2022-02-13T07:57:04.051Z" },
]

[[package]]
name = "setuptools"
version = "82.0.1"
source = { registry = "https://pypi.org/simple" }
sdist = { url = "https://files.pythonhosted.org/packages/4f/db/cfac1baf10650ab4d1c111714410d2fbb77ac5a616db26775db562c8fab2/setuptools-82.0.1.tar.gz", hash = "sha256:7d872682c5d01cfde07da7bccc7b65469d3dca203318515ada1de5eda35efbf9", size = 1152316, upload-time = "2026-03-09T12:47:17.221Z" }
wheels = [
    { url = "https://files.pythonhosted.org/packages/9d/76/f789f7a86709c6b087c5a2f52f911838cad707cc613162401badc665acfe/setuptools-82.0.1-py3-none-any.whl", hash = "sha256:a59e362652f08dcd477c78bb6e7bd9d80a7995bc73ce773050228a348ce2e5bb", size = 1006223, upload-time = "2026-03-09T12:47:15.026Z" },
]

[[package]]
name = "six"
version = "1.17.0"
source = { registry = "https://pypi.org/simple" }
sdist = { url = "https://files.pythonhosted.org/packages/94/e7/b2c673351809dca68a0e064b6af791aa332cf192da575fd474ed7d6f16a2/six-1.17.0.tar.gz", hash = "sha256:ff70335d468e7eb6ec65b95b99d3a2836546063f63acc5171de367e834932a81", size = 34031, upload-time = "2024-12-04T17:35:28.174Z" }
wheels = [
    { url = "https://files.pythonhosted.org/packages/b7/ce/149a00dd41f10bc29e5921b496af8b574d8413afcd5e30dfa0ed46c2cc5e/six-1.17.0-py2.py3-none-any.whl", hash = "sha256:4721f391ed90541fddacab5acf947aa0d3dc7d27b2e1e8eda2be8970586c3274", size = 11050, upload-time = "2024-12-04T17:35:26.475Z" },
]

[[package]]
name = "traits"
version = "7.1.0"
source = { registry = "https://pypi.org/simple" }
sdist = { url = "https://files.pythonhosted.org/packages/66/f2/0ff2e60cfea916fd13957a6725ad9f15d691c9539c1f4d2f7f8e305da43a/traits-7.1.0.tar.gz", hash = "sha256:af4775747e11e05ffe13d3ba463d92f67f1f3d1a9e4f46ba33a44ea22b0c9644", size = 9536051, upload-time = "2025-12-17T17:42:41.874Z" }
wheels = [
    { url = "https://files.pythonhosted.org/packages/e4/df/65037263e65ec1eff3b93418c334f531220d9c8a743e94ff4f21ffc0590e/traits-7.1.0-cp312-cp312-macosx_10_13_x86_64.whl", hash = "sha256:4806d99ee1fe7372699608c853c4ce66201802f41a0551885c0d5e3b833e8840", size = 5036143, upload-time = "2025-12-17T17:47:24.792Z" },
    { url = "https://files.pythonhosted.org/packages/ff/fe/ac6a32f471ad551c6a87d6808d97488b7f66226afad4a4e3b09cca93f274/traits-7.1.0-cp312-cp312-macosx_11_0_arm64.whl", hash = "sha256:8538dde9d3702bfed3aa45bf9e2b6c30b9616fd06cfcb6856b4607af6b4eb9a3", size = 5036563, upload-time = "2025-12-17T17:50:05.716Z" },
    { url = "https://files.pythonhosted.org/packages/81/96/4c7bd19dc87bbd74a638723ed22293ed3c204e12ee31ced11e5afa7d1c0c/traits-7.1.0-cp312-cp312-manylinux1_x86_64.manylinux_2_28_x86_64.manylinux_2_5_x86_64.whl", hash = "sha256:c3b3e7c7d355f5694547cd1b4d2d2b4c1bf03b1a3822f16cffcf9272fa8ac203", size = 5134465, upload-time = "2025-12-17T17:45:21.61Z" },
    { url = "https://files.pythonhosted.org/packages/01/97/e8c145dedd385bf93b2361011879e83ffdce6089da955b953a27c8fbe51c/traits-7.1.0-cp312-cp312-musllinux_1_2_x86_64.whl", hash = "sha256:3915a0ab2c70487eade1978beab40e7a6cdaafea4355dab13f37009ede16bea3", size = 5132186, upload-time = "2025-12-17T17:45:23.361Z" },
    { url = "https://files.pythonhosted.org/packages/4a/00/21ea3d6c9b07a8acd9b841affa09dd569e0e8913f36abb1f962eb027a5e2/traits-7.1.0-cp312-cp312-win32.whl", hash = "sha256:9d1d93530022cc1e98e7f9afdefa22668007cbfdca95f1be075217195ed737ab", size = 5035123, upload-time = "2025-12-17T17:51:55.408Z" },
    { url = "https://files.pythonhosted.org/packages/c8/c7/2778f06ca3c974db4203d7fa8aa04f7bd10164c7adf127413f4935164741/traits-7.1.0-cp312-cp312-win_amd64.whl", hash = "sha256:03c7c7127f697057340bf6079b4df430c127bef595885bbf28b2ce29c6157e35", size = 5037477, upload-time = "2025-12-17T17:51:56.657Z" },
]

[[package]]
name = "traitsui"
version = "8.0.0"
source = { registry = "https://pypi.org/simple" }
dependencies = [
    { name = "pyface" },
    { name = "traits" },
]
sdist = { url = "https://files.pythonhosted.org/packages/5e/ce/f8f3d97659822cac8ff6b80b4636161126d3a13a86a8c0d407498611d506/traitsui-8.0.0.tar.gz", hash = "sha256:901b9d1cbc45513e00a7397677b098441b28774b688f30a159bad4801bf40364", size = 6774847, upload-time = "2023-05-22T15:07:21.5Z" }
wheels = [
    { url = "https://files.pythonhosted.org/packages/6e/c7/c96fcb966c1c61fbf2b58219cfa394d2c7160f31c9f4728402ead8f9a17c/traitsui-8.0.0-py3-none-any.whl", hash = "sha256:0e09c0965a8de12dd05e0b4bbdae31bdd576fa551fdaaf2f4e13ac4aa51980ee", size = 1524098, upload-time = "2023-05-22T15:07:19.473Z" },
]

[[package]]
name = "vtk"
version = "9.3.1"
source = { registry = "https://pypi.org/simple" }
dependencies = [
    { name = "matplotlib" },
]
wheels = [
    { url = "https://files.pythonhosted.org/packages/6f/ba/1571d61013f3f5778c11741d5de19db197b437d1a52215560f016662597b/vtk-9.3.1-cp312-cp312-macosx_10_10_x86_64.whl", hash = "sha256:05a4b6e387a906e8c8d6844441f9200116e937069fcf81f43e2600f26eb046de", size = 76832738, upload-time = "2024-06-29T03:15:26.41Z" },
    { url = "https://files.pythonhosted.org/packages/8e/75/c637c620d23ccecb8ddf58fdb80af1dc56ecdd60f3e018c55e041663398b/vtk-9.3.1-cp312-cp312-macosx_11_0_arm64.whl", hash = "sha256:bdbefb1aef9599a0a0b8222c9582f26946732a93534e6ec37d4b8e2c524c627e", size = 70385880, upload-time = "2024-06-29T03:15:33.131Z" },
    { url = "https://files.pythonhosted.org/packages/01/ee/730d57c6d7353c1afb919ceedfac387a190ccb92e611c4b14f88e6f39066/vtk-9.3.1-cp312-cp312-manylinux_2_17_x86_64.manylinux2014_x86_64.whl", hash = "sha256:f728bb61f43fce850d622ced3b3d51b3116f767685ca4e4e0076f624e2d2307d", size = 92159868, upload-time = "2024-06-29T03:15:39.072Z" },
    { url = "https://files.pythonhosted.org/packages/b1/34/b9b6de4009be2fe90919c4943ae99ae3d465ada73061e928d4744683f915/vtk-9.3.1-cp312-cp312-win_amd64.whl", hash = "sha256:685988e09070e06c8605886591698fd42d8225489509b6537a5046cd034cc93e", size = 52529544, upload-time = "2024-06-29T03:15:43.967Z" },
]
